// !$*UTF8*$!
{
	archiveVersion = 1;
	classes = {
	};
	objectVersion = 46;
	objects = {

/* Begin PBXBuildFile section */
		8AA80CFC1E80CA5D00310A51 /* AppDelegate.swift in Sources */ = {isa = PBXBuildFile; fileRef = 8AA80CFB1E80CA5D00310A51 /* AppDelegate.swift */; };
		8AA80CFE1E80CA5D00310A51 /* ViewController.swift in Sources */ = {isa = PBXBuildFile; fileRef = 8AA80CFD1E80CA5D00310A51 /* ViewController.swift */; };
		8AA80D011E80CA5D00310A51 /* Main.storyboard in Resources */ = {isa = PBXBuildFile; fileRef = 8AA80CFF1E80CA5D00310A51 /* Main.storyboard */; };
		8AA80D031E80CA5D00310A51 /* Assets.xcassets in Resources */ = {isa = PBXBuildFile; fileRef = 8AA80D021E80CA5D00310A51 /* Assets.xcassets */; };
		8AA80D061E80CA5D00310A51 /* LaunchScreen.storyboard in Resources */ = {isa = PBXBuildFile; fileRef = 8AA80D041E80CA5D00310A51 /* LaunchScreen.storyboard */; };
		8AA80D111E80CA5D00310A51 /* CaculatorKidsTests.swift in Sources */ = {isa = PBXBuildFile; fileRef = 8AA80D101E80CA5D00310A51 /* CaculatorKidsTests.swift */; };
		8AA80D1C1E80CA5D00310A51 /* CaculatorKidsUITests.swift in Sources */ = {isa = PBXBuildFile; fileRef = 8AA80D1B1E80CA5D00310A51 /* CaculatorKidsUITests.swift */; };
/* End PBXBuildFile section */

/* Begin PBXContainerItemProxy section */
		8AA80D0D1E80CA5D00310A51 /* PBXContainerItemProxy */ = {
			isa = PBXContainerItemProxy;
			containerPortal = 8AA80CF01E80CA5C00310A51 /* Project object */;
			proxyType = 1;
			remoteGlobalIDString = 8AA80CF71E80CA5C00310A51;
			remoteInfo = CaculatorKids;
		};
		8AA80D181E80CA5D00310A51 /* PBXContainerItemProxy */ = {
			isa = PBXContainerItemProxy;
			containerPortal = 8AA80CF01E80CA5C00310A51 /* Project object */;
			proxyType = 1;
			remoteGlobalIDString = 8AA80CF71E80CA5C00310A51;
			remoteInfo = CaculatorKids;
		};
/* End PBXContainerItemProxy section */

/* Begin PBXFileReference section */
		8AA80CF81E80CA5D00310A51 /* CaculatorKids.app */ = {isa = PBXFileReference; explicitFileType = wrapper.application; includeInIndex = 0; path = CaculatorKids.app; sourceTree = BUILT_PRODUCTS_DIR; };
		8AA80CFB1E80CA5D00310A51 /* AppDelegate.swift */ = {isa = PBXFileReference; lastKnownFileType = sourcecode.swift; path = AppDelegate.swift; sourceTree = "<group>"; };
		8AA80CFD1E80CA5D00310A51 /* ViewController.swift */ = {isa = PBXFileReference; lastKnownFileType = sourcecode.swift; path = ViewController.swift; sourceTree = "<group>"; };
		8AA80D001E80CA5D00310A51 /* Base */ = {isa = PBXFileReference; lastKnownFileType = file.storyboard; name = Base; path = Base.lproj/Main.storyboard; sourceTree = "<group>"; };
		8AA80D021E80CA5D00310A51 /* Assets.xcassets */ = {isa = PBXFileReference; lastKnownFileType = folder.assetcatalog; path = Assets.xcassets; sourceTree = "<group>"; };
		8AA80D051E80CA5D00310A51 /* Base */ = {isa = PBXFileReference; lastKnownFileType = file.storyboard; name = Base; path = Base.lproj/LaunchScreen.storyboard; sourceTree = "<group>"; };
		8AA80D071E80CA5D00310A51 /* Info.plist */ = {isa = PBXFileReference; lastKnownFileType = text.plist.xml; path = Info.plist; sourceTree = "<group>"; };
		8AA80D0C1E80CA5D00310A51 /* CaculatorKidsTests.xctest */ = {isa = PBXFileReference; explicitFileType = wrapper.cfbundle; includeInIndex = 0; path = CaculatorKidsTests.xctest; sourceTree = BUILT_PRODUCTS_DIR; };
		8AA80D101E80CA5D00310A51 /* CaculatorKidsTests.swift */ = {isa = PBXFileReference; lastKnownFileType = sourcecode.swift; path = CaculatorKidsTests.swift; sourceTree = "<group>"; };
		8AA80D121E80CA5D00310A51 /* Info.plist */ = {isa = PBXFileReference; lastKnownFileType = text.plist.xml; path = Info.plist; sourceTree = "<group>"; };
		8AA80D171E80CA5D00310A51 /* CaculatorKidsUITests.xctest */ = {isa = PBXFileReference; explicitFileType = wrapper.cfbundle; includeInIndex = 0; path = CaculatorKidsUITests.xctest; sourceTree = BUILT_PRODUCTS_DIR; };
		8AA80D1B1E80CA5D00310A51 /* CaculatorKidsUITests.swift */ = {isa = PBXFileReference; lastKnownFileType = sourcecode.swift; path = CaculatorKidsUITests.swift; sourceTree = "<group>"; };
		8AA80D1D1E80CA5D00310A51 /* Info.plist */ = {isa = PBXFileReference; lastKnownFileType = text.plist.xml; path = Info.plist; sourceTree = "<group>"; };
/* End PBXFileReference section */

/* Begin PBXFrameworksBuildPhase section */
		8AA80CF51E80CA5C00310A51 /* Frameworks */ = {
			isa = PBXFrameworksBuildPhase;
			buildActionMask = 2147483647;
			files = (
			);
			runOnlyForDeploymentPostprocessing = 0;
		};
		8AA80D091E80CA5D00310A51 /* Frameworks */ = {
			isa = PBXFrameworksBuildPhase;
			buildActionMask = 2147483647;
			files = (
			);
			runOnlyForDeploymentPostprocessing = 0;
		};
		8AA80D141E80CA5D00310A51 /* Frameworks */ = {
			isa = PBXFrameworksBuildPhase;
			buildActionMask = 2147483647;
			files = (
			);
			runOnlyForDeploymentPostprocessing = 0;
		};
/* End PBXFrameworksBuildPhase section */

/* Begin PBXGroup section */
		8AA80CEF1E80CA5C00310A51 = {
			isa = PBXGroup;
			children = (
				8AA80CFA1E80CA5D00310A51 /* CaculatorKids */,
				8AA80D0F1E80CA5D00310A51 /* CaculatorKidsTests */,
				8AA80D1A1E80CA5D00310A51 /* CaculatorKidsUITests */,
				8AA80CF91E80CA5D00310A51 /* Products */,
			);
			sourceTree = "<group>";
		};
		8AA80CF91E80CA5D00310A51 /* Products */ = {
			isa = PBXGroup;
			children = (
				8AA80CF81E80CA5D00310A51 /* CaculatorKids.app */,
				8AA80D0C1E80CA5D00310A51 /* CaculatorKidsTests.xctest */,
				8AA80D171E80CA5D00310A51 /* CaculatorKidsUITests.xctest */,
			);
			name = Products;
			sourceTree = "<group>";
		};
		8AA80CFA1E80CA5D00310A51 /* CaculatorKids */ = {
			isa = PBXGroup;
			children = (
				8AA80CFB1E80CA5D00310A51 /* AppDelegate.swift */,
				8AA80CFD1E80CA5D00310A51 /* ViewController.swift */,
				8AA80CFF1E80CA5D00310A51 /* Main.storyboard */,
				8AA80D021E80CA5D00310A51 /* Assets.xcassets */,
				8AA80D041E80CA5D00310A51 /* LaunchScreen.storyboard */,
				8AA80D071E80CA5D00310A51 /* Info.plist */,
			);
			path = CaculatorKids;
			sourceTree = "<group>";
		};
		8AA80D0F1E80CA5D00310A51 /* CaculatorKidsTests */ = {
			isa = PBXGroup;
			children = (
				8AA80D101E80CA5D00310A51 /* CaculatorKidsTests.swift */,
				8AA80D121E80CA5D00310A51 /* Info.plist */,
			);
			path = CaculatorKidsTests;
			sourceTree = "<group>";
		};
		8AA80D1A1E80CA5D00310A51 /* CaculatorKidsUITests */ = {
			isa = PBXGroup;
			children = (
				8AA80D1B1E80CA5D00310A51 /* CaculatorKidsUITests.swift */,
				8AA80D1D1E80CA5D00310A51 /* Info.plist */,
			);
			path = CaculatorKidsUITests;
			sourceTree = "<group>";
		};
/* End PBXGroup section */

/* Begin PBXNativeTarget section */
		8AA80CF71E80CA5C00310A51 /* CaculatorKids */ = {
			isa = PBXNativeTarget;
			buildConfigurationList = 8AA80D201E80CA5D00310A51 /* Build configuration list for PBXNativeTarget "CaculatorKids" */;
			buildPhases = (
				8AA80CF41E80CA5C00310A51 /* Sources */,
				8AA80CF51E80CA5C00310A51 /* Frameworks */,
				8AA80CF61E80CA5C00310A51 /* Resources */,
			);
			buildRules = (
			);
			dependencies = (
			);
			name = CaculatorKids;
			productName = CaculatorKids;
			productReference = 8AA80CF81E80CA5D00310A51 /* CaculatorKids.app */;
			productType = "com.apple.product-type.application";
		};
		8AA80D0B1E80CA5D00310A51 /* CaculatorKidsTests */ = {
			isa = PBXNativeTarget;
			buildConfigurationList = 8AA80D231E80CA5D00310A51 /* Build configuration list for PBXNativeTarget "CaculatorKidsTests" */;
			buildPhases = (
				8AA80D081E80CA5D00310A51 /* Sources */,
				8AA80D091E80CA5D00310A51 /* Frameworks */,
				8AA80D0A1E80CA5D00310A51 /* Resources */,
			);
			buildRules = (
			);
			dependencies = (
				8AA80D0E1E80CA5D00310A51 /* PBXTargetDependency */,
			);
			name = CaculatorKidsTests;
			productName = CaculatorKidsTests;
			productReference = 8AA80D0C1E80CA5D00310A51 /* CaculatorKidsTests.xctest */;
			productType = "com.apple.product-type.bundle.unit-test";
		};
		8AA80D161E80CA5D00310A51 /* CaculatorKidsUITests */ = {
			isa = PBXNativeTarget;
			buildConfigurationList = 8AA80D261E80CA5D00310A51 /* Build configuration list for PBXNativeTarget "CaculatorKidsUITests" */;
			buildPhases = (
				8AA80D131E80CA5D00310A51 /* Sources */,
				8AA80D141E80CA5D00310A51 /* Frameworks */,
				8AA80D151E80CA5D00310A51 /* Resources */,
			);
			buildRules = (
			);
			dependencies = (
				8AA80D191E80CA5D00310A51 /* PBXTargetDependency */,
			);
			name = CaculatorKidsUITests;
			productName = CaculatorKidsUITests;
			productReference = 8AA80D171E80CA5D00310A51 /* CaculatorKidsUITests.xctest */;
			productType = "com.apple.product-type.bundle.ui-testing";
		};
/* End PBXNativeTarget section */

/* Begin PBXProject section */
		8AA80CF01E80CA5C00310A51 /* Project object */ = {
			isa = PBXProject;
			attributes = {
				LastSwiftUpdateCheck = 0820;
				LastUpgradeCheck = 0820;
				ORGANIZATIONNAME = QuangBach;
				TargetAttributes = {
					8AA80CF71E80CA5C00310A51 = {
						CreatedOnToolsVersion = 8.2;
						DevelopmentTeam = 9J2LR6V2GZ;
						ProvisioningStyle = Automatic;
					};
					8AA80D0B1E80CA5D00310A51 = {
						CreatedOnToolsVersion = 8.2;
						DevelopmentTeam = 9J2LR6V2GZ;
						ProvisioningStyle = Automatic;
						TestTargetID = 8AA80CF71E80CA5C00310A51;
					};
					8AA80D161E80CA5D00310A51 = {
						CreatedOnToolsVersion = 8.2;
						DevelopmentTeam = 9J2LR6V2GZ;
						ProvisioningStyle = Automatic;
						TestTargetID = 8AA80CF71E80CA5C00310A51;
					};
				};
			};
			buildConfigurationList = 8AA80CF31E80CA5C00310A51 /* Build configuration list for PBXProject "CaculatorKids" */;
			compatibilityVersion = "Xcode 3.2";
			developmentRegion = English;
			hasScannedForEncodings = 0;
			knownRegions = (
				en,
				Base,
			);
			mainGroup = 8AA80CEF1E80CA5C00310A51;
			productRefGroup = 8AA80CF91E80CA5D00310A51 /* Products */;
			projectDirPath = "";
			projectRoot = "";
			targets = (
				8AA80CF71E80CA5C00310A51 /* CaculatorKids */,
				8AA80D0B1E80CA5D00310A51 /* CaculatorKidsTests */,
				8AA80D161E80CA5D00310A51 /* CaculatorKidsUITests */,
			);
		};
/* End PBXProject section */

/* Begin PBXResourcesBuildPhase section */
		8AA80CF61E80CA5C00310A51 /* Resources */ = {
			isa = PBXResourcesBuildPhase;
			buildActionMask = 2147483647;
			files = (
				8AA80D061E80CA5D00310A51 /* LaunchScreen.storyboard in Resources */,
				8AA80D031E80CA5D00310A51 /* Assets.xcassets in Resources */,
				8AA80D011E80CA5D00310A51 /* Main.storyboard in Resources */,
			);
			runOnlyForDeploymentPostprocessing = 0;
		};
		8AA80D0A1E80CA5D00310A51 /* Resources */ = {
			isa = PBXResourcesBuildPhase;
			buildActionMask = 2147483647;
			files = (
			);
			runOnlyForDeploymentPostprocessing = 0;
		};
		8AA80D151E80CA5D00310A51 /* Resources */ = {
			isa = PBXResourcesBuildPhase;
			buildActionMask = 2147483647;
			files = (
			);
			runOnlyForDeploymentPostprocessing = 0;
		};
/* End PBXResourcesBuildPhase section */

/* Begin PBXSourcesBuildPhase section */
		8AA80CF41E80CA5C00310A51 /* Sources */ = {
			isa = PBXSourcesBuildPhase;
			buildActionMask = 2147483647;
			files = (
				8AA80CFE1E80CA5D00310A51 /* ViewController.swift in Sources */,
				8AA80CFC1E80CA5D00310A51 /* AppDelegate.swift in Sources */,
			);
			runOnlyForDeploymentPostprocessing = 0;
		};
		8AA80D081E80CA5D00310A51 /* Sources */ = {
			isa = PBXSourcesBuildPhase;
			buildActionMask = 2147483647;
			files = (
				8AA80D111E80CA5D00310A51 /* CaculatorKidsTests.swift in Sources */,
			);
			runOnlyForDeploymentPostprocessing = 0;
		};
		8AA80D131E80CA5D00310A51 /* Sources */ = {
			isa = PBXSourcesBuildPhase;
			buildActionMask = 2147483647;
			files = (
				8AA80D1C1E80CA5D00310A51 /* CaculatorKidsUITests.swift in Sources */,
			);
			runOnlyForDeploymentPostprocessing = 0;
		};
/* End PBXSourcesBuildPhase section */

/* Begin PBXTargetDependency section */
		8AA80D0E1E80CA5D00310A51 /* PBXTargetDependency */ = {
			isa = PBXTargetDependency;
			target = 8AA80CF71E80CA5C00310A51 /* CaculatorKids */;
			targetProxy = 8AA80D0D1E80CA5D00310A51 /* PBXContainerItemProxy */;
		};
		8AA80D191E80CA5D00310A51 /* PBXTargetDependency */ = {
			isa = PBXTargetDependency;
			target = 8AA80CF71E80CA5C00310A51 /* CaculatorKids */;
			targetProxy = 8AA80D181E80CA5D00310A51 /* PBXContainerItemProxy */;
		};
/* End PBXTargetDependency section */

/* Begin PBXVariantGroup section */
		8AA80CFF1E80CA5D00310A51 /* Main.storyboard */ = {
			isa = PBXVariantGroup;
			children = (
				8AA80D001E80CA5D00310A51 /* Base */,
			);
			name = Main.storyboard;
			sourceTree = "<group>";
		};
		8AA80D041E80CA5D00310A51 /* LaunchScreen.storyboard */ = {
			isa = PBXVariantGroup;
			children = (
				8AA80D051E80CA5D00310A51 /* Base */,
			);
			name = LaunchScreen.storyboard;
			sourceTree = "<group>";
		};
/* End PBXVariantGroup section */

/* Begin XCBuildConfiguration section */
		8AA80D1E1E80CA5D00310A51 /* Debug */ = {
			isa = XCBuildConfiguration;
			buildSettings = {
				ALWAYS_SEARCH_USER_PATHS = NO;
				CLANG_ANALYZER_NONNULL = YES;
				CLANG_CXX_LANGUAGE_STANDARD = "gnu++0x";
				CLANG_CXX_LIBRARY = "libc++";
				CLANG_ENABLE_MODULES = YES;
				CLANG_ENABLE_OBJC_ARC = YES;
				CLANG_WARN_BOOL_CONVERSION = YES;
				CLANG_WARN_CONSTANT_CONVERSION = YES;
				CLANG_WARN_DIRECT_OBJC_ISA_USAGE = YES_ERROR;
				CLANG_WARN_DOCUMENTATION_COMMENTS = YES;
				CLANG_WARN_EMPTY_BODY = YES;
				CLANG_WARN_ENUM_CONVERSION = YES;
				CLANG_WARN_INFINITE_RECURSION = YES;
				CLANG_WARN_INT_CONVERSION = YES;
				CLANG_WARN_OBJC_ROOT_CLASS = YES_ERROR;
				CLANG_WARN_SUSPICIOUS_MOVE = YES;
				CLANG_WARN_UNREACHABLE_CODE = YES;
				CLANG_WARN__DUPLICATE_METHOD_MATCH = YES;
				"CODE_SIGN_IDENTITY[sdk=iphoneos*]" = "iPhone Developer";
				COPY_PHASE_STRIP = NO;
				DEBUG_INFORMATION_FORMAT = dwarf;
				ENABLE_STRICT_OBJC_MSGSEND = YES;
				ENABLE_TESTABILITY = YES;
				GCC_C_LANGUAGE_STANDARD = gnu99;
				GCC_DYNAMIC_NO_PIC = NO;
				GCC_NO_COMMON_BLOCKS = YES;
				GCC_OPTIMIZATION_LEVEL = 0;
				GCC_PREPROCESSOR_DEFINITIONS = (
					"DEBUG=1",
					"$(inherited)",
				);
				GCC_WARN_64_TO_32_BIT_CONVERSION = YES;
				GCC_WARN_ABOUT_RETURN_TYPE = YES_ERROR;
				GCC_WARN_UNDECLARED_SELECTOR = YES;
				GCC_WARN_UNINITIALIZED_AUTOS = YES_AGGRESSIVE;
				GCC_WARN_UNUSED_FUNCTION = YES;
				GCC_WARN_UNUSED_VARIABLE = YES;
				IPHONEOS_DEPLOYMENT_TARGET = 10.2;
				MTL_ENABLE_DEBUG_INFO = YES;
				ONLY_ACTIVE_ARCH = YES;
				SDKROOT = iphoneos;
				SWIFT_ACTIVE_COMPILATION_CONDITIONS = DEBUG;
				SWIFT_OPTIMIZATION_LEVEL = "-Onone";
			};
			name = Debug;
		};
		8AA80D1F1E80CA5D00310A51 /* Release */ = {
			isa = XCBuildConfiguration;
			buildSettings = {
				ALWAYS_SEARCH_USER_PATHS = NO;
				CLANG_ANALYZER_NONNULL = YES;
				CLANG_CXX_LANGUAGE_STANDARD = "gnu++0x";
				CLANG_CXX_LIBRARY = "libc++";
				CLANG_ENABLE_MODULES = YES;
				CLANG_ENABLE_OBJC_ARC = YES;
				CLANG_WARN_BOOL_CONVERSION = YES;
				CLANG_WARN_CONSTANT_CONVERSION = YES;
				CLANG_WARN_DIRECT_OBJC_ISA_USAGE = YES_ERROR;
				CLANG_WARN_DOCUMENTATION_COMMENTS = YES;
				CLANG_WARN_EMPTY_BODY = YES;
				CLANG_WARN_ENUM_CONVERSION = YES;
				CLANG_WARN_INFINITE_RECURSION = YES;
				CLANG_WARN_INT_CONVERSION = YES;
				CLANG_WARN_OBJC_ROOT_CLASS = YES_ERROR;
				CLANG_WARN_SUSPICIOUS_MOVE = YES;
				CLANG_WARN_UNREACHABLE_CODE = YES;
				CLANG_WARN__DUPLICATE_METHOD_MATCH = YES;
				"CODE_SIGN_IDENTITY[sdk=iphoneos*]" = "iPhone Developer";
				COPY_PHASE_STRIP = NO;
				DEBUG_INFORMATION_FORMAT = "dwarf-with-dsym";
				ENABLE_NS_ASSERTIONS = NO;
				ENABLE_STRICT_OBJC_MSGSEND = YES;
				GCC_C_LANGUAGE_STANDARD = gnu99;
				GCC_NO_COMMON_BLOCKS = YES;
				GCC_WARN_64_TO_32_BIT_CONVERSION = YES;
				GCC_WARN_ABOUT_RETURN_TYPE = YES_ERROR;
				GCC_WARN_UNDECLARED_SELECTOR = YES;
				GCC_WARN_UNINITIALIZED_AUTOS = YES_AGGRESSIVE;
				GCC_WARN_UNUSED_FUNCTION = YES;
				GCC_WARN_UNUSED_VARIABLE = YES;
				IPHONEOS_DEPLOYMENT_TARGET = 10.2;
				MTL_ENABLE_DEBUG_INFO = NO;
				SDKROOT = iphoneos;
				SWIFT_OPTIMIZATION_LEVEL = "-Owholemodule";
				VALIDATE_PRODUCT = YES;
			};
			name = Release;
		};
		8AA80D211E80CA5D00310A51 /* Debug */ = {
			isa = XCBuildConfiguration;
			buildSettings = {
				ASSETCATALOG_COMPILER_APPICON_NAME = AppIcon;
				DEVELOPMENT_TEAM = 9J2LR6V2GZ;
				INFOPLIST_FILE = CaculatorKids/Info.plist;
				LD_RUNPATH_SEARCH_PATHS = "$(inherited) @executable_path/Frameworks";
				PRODUCT_BUNDLE_IDENTIFIER = com.bach.CaculatorKids;
				PRODUCT_NAME = "$(TARGET_NAME)";
				SWIFT_VERSION = 3.0;
			};
			name = Debug;
		};
		8AA80D221E80CA5D00310A51 /* Release */ = {
			isa = XCBuildConfiguration;
			buildSettings = {
				ASSETCATALOG_COMPILER_APPICON_NAME = AppIcon;
				DEVELOPMENT_TEAM = 9J2LR6V2GZ;
				INFOPLIST_FILE = CaculatorKids/Info.plist;
				LD_RUNPATH_SEARCH_PATHS = "$(inherited) @executable_path/Frameworks";
				PRODUCT_BUNDLE_IDENTIFIER = com.bach.CaculatorKids;
				PRODUCT_NAME = "$(TARGET_NAME)";
				SWIFT_VERSION = 3.0;
			};
			name = Release;
		};
		8AA80D241E80CA5D00310A51 /* Debug */ = {
			isa = XCBuildConfiguration;
			buildSettings = {
				ALWAYS_EMBED_SWIFT_STANDARD_LIBRARIES = YES;
				BUNDLE_LOADER = "$(TEST_HOST)";
				DEVELOPMENT_TEAM = 9J2LR6V2GZ;
				INFOPLIST_FILE = CaculatorKidsTests/Info.plist;
				LD_RUNPATH_SEARCH_PATHS = "$(inherited) @executable_path/Frameworks @loader_path/Frameworks";
				PRODUCT_BUNDLE_IDENTIFIER = com.bach.CaculatorKidsTests;
				PRODUCT_NAME = "$(TARGET_NAME)";
				SWIFT_VERSION = 3.0;
				TEST_HOST = "$(BUILT_PRODUCTS_DIR)/CaculatorKids.app/CaculatorKids";
			};
			name = Debug;
		};
		8AA80D251E80CA5D00310A51 /* Release */ = {
			isa = XCBuildConfiguration;
			buildSettings = {
				ALWAYS_EMBED_SWIFT_STANDARD_LIBRARIES = YES;
				BUNDLE_LOADER = "$(TEST_HOST)";
				DEVELOPMENT_TEAM = 9J2LR6V2GZ;
				INFOPLIST_FILE = CaculatorKidsTests/Info.plist;
				LD_RUNPATH_SEARCH_PATHS = "$(inherited) @executable_path/Frameworks @loader_path/Frameworks";
				PRODUCT_BUNDLE_IDENTIFIER = com.bach.CaculatorKidsTests;
				PRODUCT_NAME = "$(TARGET_NAME)";
				SWIFT_VERSION = 3.0;
				TEST_HOST = "$(BUILT_PRODUCTS_DIR)/CaculatorKids.app/CaculatorKids";
			};
			name = Release;
		};
		8AA80D271E80CA5D00310A51 /* Debug */ = {
			isa = XCBuildConfiguration;
			buildSettings = {
				ALWAYS_EMBED_SWIFT_STANDARD_LIBRARIES = YES;
				DEVELOPMENT_TEAM = 9J2LR6V2GZ;
				INFOPLIST_FILE = CaculatorKidsUITests/Info.plist;
				LD_RUNPATH_SEARCH_PATHS = "$(inherited) @executable_path/Frameworks @loader_path/Frameworks";
				PRODUCT_BUNDLE_IDENTIFIER = com.bach.CaculatorKidsUITests;
				PRODUCT_NAME = "$(TARGET_NAME)";
				SWIFT_VERSION = 3.0;
				TEST_TARGET_NAME = CaculatorKids;
			};
			name = Debug;
		};
		8AA80D281E80CA5D00310A51 /* Release */ = {
			isa = XCBuildConfiguration;
			buildSettings = {
				ALWAYS_EMBED_SWIFT_STANDARD_LIBRARIES = YES;
				DEVELOPMENT_TEAM = 9J2LR6V2GZ;
				INFOPLIST_FILE = CaculatorKidsUITests/Info.plist;
				LD_RUNPATH_SEARCH_PATHS = "$(inherited) @executable_path/Frameworks @loader_path/Frameworks";
				PRODUCT_BUNDLE_IDENTIFIER = com.bach.CaculatorKidsUITests;
				PRODUCT_NAME = "$(TARGET_NAME)";
				SWIFT_VERSION = 3.0;
				TEST_TARGET_NAME = CaculatorKids;
			};
			name = Release;
		};
/* End XCBuildConfiguration section */

/* Begin XCConfigurationList section */
		8AA80CF31E80CA5C00310A51 /* Build configuration list for PBXProject "CaculatorKids" */ = {
			isa = XCConfigurationList;
			buildConfigurations = (
				8AA80D1E1E80CA5D00310A51 /* Debug */,
				8AA80D1F1E80CA5D00310A51 /* Release */,
			);
			defaultConfigurationIsVisible = 0;
			defaultConfigurationName = Release;
		};
		8AA80D201E80CA5D00310A51 /* Build configuration list for PBXNativeTarget "CaculatorKids" */ = {
			isa = XCConfigurationList;
			buildConfigurations = (
				8AA80D211E80CA5D00310A51 /* Debug */,
				8AA80D221E80CA5D00310A51 /* Release */,
			);
			defaultConfigurationIsVisible = 0;
		};
		8AA80D231E80CA5D00310A51 /* Build configuration list for PBXNativeTarget "CaculatorKidsTests" */ = {
			isa = XCConfigurationList;
			buildConfigurations = (
				8AA80D241E80CA5D00310A51 /* Debug */,
				8AA80D251E80CA5D00310A51 /* Release */,
			);
			defaultConfigurationIsVisible = 0;
		};
		8AA80D261E80CA5D00310A51 /* Build configuration list for PBXNativeTarget "CaculatorKidsUITests" */ = {
			isa = XCConfigurationList;
			buildConfigurations = (
				8AA80D271E80CA5D00310A51 /* Debug */,
				8AA80D281E80CA5D00310A51 /* Release */,
			);
			defaultConfigurationIsVisible = 0;
		};
/* End XCConfigurationList section */
	};
	rootObject = 8AA80CF01E80CA5C00310A51 /* Project object */;
}
